
Microsoft Visual Studio Solution File, Format Version 12.00
# Visual Studio Version 17
VisualStudioVersion = 17.11.35303.130
MinimumVisualStudioVersion = 10.0.40219.1
Project("{FAE04EC0-301F-11D3-BF4B-00C04F79EFBC}") = "Lab4StringExtensions", "Lab4StringExtensions\Lab4StringExtensions.csproj", "{B1140EFA-6787-47E6-BE54-FD862E03314D}"
EndProject
Global
	GlobalSection(SolutionConfigurationPlatforms) = preSolution
		Debug|Any CPU = Debug|Any CPU
		Release|Any CPU = Release|Any CPU
	EndGlobalSection
	GlobalSection(ProjectConfigurationPlatforms) = postSolution
		{B1140EFA-6787-47E6-BE54-FD862E03314D}.Debug|Any CPU.ActiveCfg = Debug|Any CPU
		{B1140EFA-6787-47E6-BE54-FD862E03314D}.Debug|Any CPU.Build.0 = Debug|Any CPU
		{B1140EFA-6787-47E6-BE54-FD862E03314D}.Release|Any CPU.ActiveCfg = Release|Any CPU
		{B1140EFA-6787-47E6-BE54-FD862E03314D}.Release|Any CPU.Build.0 = Release|Any CPU
	EndGlobalSection
	GlobalSection(SolutionProperties) = preSolution
		HideSolutionNode = FALSE
	EndGlobalSection
	GlobalSection(ExtensibilityGlobals) = postSolution
		SolutionGuid = {3E8B2A40-80BB-4828-9FFB-8EEFD4D8ABBF}
	EndGlobalSection
EndGlobal
